// !$*UTF8*$!
{
	archiveVersion = 1;
	classes = {
	};
	objectVersion = 50;
	objects = {

/* Begin PBXBuildFile section */
		0962D61C228C369D0020A703 /* ProgressBarView.swift in Sources */ = {isa = PBXBuildFile; fileRef = 0962D61B228C369D0020A703 /* ProgressBarView.swift */; };
		097410DF227B2D5600F37677 /* AppDelegate.swift in Sources */ = {isa = PBXBuildFile; fileRef = 097410DE227B2D5600F37677 /* AppDelegate.swift */; };
		097410E2227B2D5600F37677 /* Project_Planner.xcdatamodeld in Sources */ = {isa = PBXBuildFile; fileRef = 097410E0227B2D5600F37677 /* Project_Planner.xcdatamodeld */; };
		097410E4227B2D5600F37677 /* MasterViewController.swift in Sources */ = {isa = PBXBuildFile; fileRef = 097410E3227B2D5600F37677 /* MasterViewController.swift */; };
		097410E6227B2D5600F37677 /* DetailViewController.swift in Sources */ = {isa = PBXBuildFile; fileRef = 097410E5227B2D5600F37677 /* DetailViewController.swift */; };
		097410E9227B2D5600F37677 /* Main.storyboard in Resources */ = {isa = PBXBuildFile; fileRef = 097410E7227B2D5600F37677 /* Main.storyboard */; };
		097410EB227B2D5800F37677 /* Assets.xcassets in Resources */ = {isa = PBXBuildFile; fileRef = 097410EA227B2D5800F37677 /* Assets.xcassets */; };
		097410EE227B2D5800F37677 /* LaunchScreen.storyboard in Resources */ = {isa = PBXBuildFile; fileRef = 097410EC227B2D5800F37677 /* LaunchScreen.storyboard */; };
		097410F6227DCE0200F37677 /* ProjectAddEditViewController.swift in Sources */ = {isa = PBXBuildFile; fileRef = 097410F5227DCE0200F37677 /* ProjectAddEditViewController.swift */; };
		097410F8227DD56100F37677 /* TaskAddEditViewController.swift in Sources */ = {isa = PBXBuildFile; fileRef = 097410F7227DD56100F37677 /* TaskAddEditViewController.swift */; };
		097410FA227EB4BB00F37677 /* ProjectTableViewCell.swift in Sources */ = {isa = PBXBuildFile; fileRef = 097410F9227EB4BB00F37677 /* ProjectTableViewCell.swift */; };
		097410FC227EC84C00F37677 /* TaskTableViewCell.swift in Sources */ = {isa = PBXBuildFile; fileRef = 097410FB227EC84C00F37677 /* TaskTableViewCell.swift */; };
		098BFBD7228EE438008636C9 /* Extension.swift in Sources */ = {isa = PBXBuildFile; fileRef = 098BFBD6228EE438008636C9 /* Extension.swift */; };
/* End PBXBuildFile section */

/* Begin PBXFileReference section */
		0962D61B228C369D0020A703 /* ProgressBarView.swift */ = {isa = PBXFileReference; lastKnownFileType = sourcecode.swift; path = ProgressBarView.swift; sourceTree = "<group>"; };
		097410DB227B2D5600F37677 /* Project Planner.app */ = {isa = PBXFileReference; explicitFileType = wrapper.application; includeInIndex = 0; path = "Project Planner.app"; sourceTree = BUILT_PRODUCTS_DIR; };
		097410DE227B2D5600F37677 /* AppDelegate.swift */ = {isa = PBXFileReference; lastKnownFileType = sourcecode.swift; path = AppDelegate.swift; sourceTree = "<group>"; };
		097410E1227B2D5600F37677 /* Project_Planner.xcdatamodel */ = {isa = PBXFileReference; lastKnownFileType = wrapper.xcdatamodel; path = Project_Planner.xcdatamodel; sourceTree = "<group>"; };
		097410E3227B2D5600F37677 /* MasterViewController.swift */ = {isa = PBXFileReference; lastKnownFileType = sourcecode.swift; path = MasterViewController.swift; sourceTree = "<group>"; };
		097410E5227B2D5600F37677 /* DetailViewController.swift */ = {isa = PBXFileReference; lastKnownFileType = sourcecode.swift; path = DetailViewController.swift; sourceTree = "<group>"; };
		097410E8227B2D5600F37677 /* Base */ = {isa = PBXFileReference; lastKnownFileType = file.storyboard; name = Base; path = Base.lproj/Main.storyboard; sourceTree = "<group>"; };
		097410EA227B2D5800F37677 /* Assets.xcassets */ = {isa = PBXFileReference; lastKnownFileType = folder.assetcatalog; path = Assets.xcassets; sourceTree = "<group>"; };
		097410ED227B2D5800F37677 /* Base */ = {isa = PBXFileReference; lastKnownFileType = file.storyboard; name = Base; path = Base.lproj/LaunchScreen.storyboard; sourceTree = "<group>"; };
		097410EF227B2D5800F37677 /* Info.plist */ = {isa = PBXFileReference; lastKnownFileType = text.plist.xml; path = Info.plist; sourceTree = "<group>"; };
		097410F5227DCE0200F37677 /* ProjectAddEditViewController.swift */ = {isa = PBXFileReference; lastKnownFileType = sourcecode.swift; path = ProjectAddEditViewController.swift; sourceTree = "<group>"; };
		097410F7227DD56100F37677 /* TaskAddEditViewController.swift */ = {isa = PBXFileReference; lastKnownFileType = sourcecode.swift; path = TaskAddEditViewController.swift; sourceTree = "<group>"; };
		097410F9227EB4BB00F37677 /* ProjectTableViewCell.swift */ = {isa = PBXFileReference; lastKnownFileType = sourcecode.swift; path = ProjectTableViewCell.swift; sourceTree = "<group>"; };
		097410FB227EC84C00F37677 /* TaskTableViewCell.swift */ = {isa = PBXFileReference; lastKnownFileType = sourcecode.swift; path = TaskTableViewCell.swift; sourceTree = "<group>"; };
		098BFBD6228EE438008636C9 /* Extension.swift */ = {isa = PBXFileReference; lastKnownFileType = sourcecode.swift; path = Extension.swift; sourceTree = "<group>"; };
/* End PBXFileReference section */

/* Begin PBXFrameworksBuildPhase section */
		097410D8227B2D5600F37677 /* Frameworks */ = {
			isa = PBXFrameworksBuildPhase;
			buildActionMask = 2147483647;
			files = (
			);
			runOnlyForDeploymentPostprocessing = 0;
		};
/* End PBXFrameworksBuildPhase section */

/* Begin PBXGroup section */
		097410D2227B2D5600F37677 = {
			isa = PBXGroup;
			children = (
				097410DD227B2D5600F37677 /* Project Planner */,
				097410DC227B2D5600F37677 /* Products */,
			);
			sourceTree = "<group>";
		};
		097410DC227B2D5600F37677 /* Products */ = {
			isa = PBXGroup;
			children = (
				097410DB227B2D5600F37677 /* Project Planner.app */,
			);
			name = Products;
			sourceTree = "<group>";
		};
		097410DD227B2D5600F37677 /* Project Planner */ = {
			isa = PBXGroup;
			children = (
				097410DE227B2D5600F37677 /* AppDelegate.swift */,
				097410E3227B2D5600F37677 /* MasterViewController.swift */,
				097410E5227B2D5600F37677 /* DetailViewController.swift */,
				097410E7227B2D5600F37677 /* Main.storyboard */,
				097410EA227B2D5800F37677 /* Assets.xcassets */,
				097410EC227B2D5800F37677 /* LaunchScreen.storyboard */,
				097410EF227B2D5800F37677 /* Info.plist */,
				097410E0227B2D5600F37677 /* Project_Planner.xcdatamodeld */,
				097410F5227DCE0200F37677 /* ProjectAddEditViewController.swift */,
				097410F7227DD56100F37677 /* TaskAddEditViewController.swift */,
				097410F9227EB4BB00F37677 /* ProjectTableViewCell.swift */,
				097410FB227EC84C00F37677 /* TaskTableViewCell.swift */,
				0962D61B228C369D0020A703 /* ProgressBarView.swift */,
				098BFBD6228EE438008636C9 /* Extension.swift */,
			);
			path = "Project Planner";
			sourceTree = "<group>";
		};
/* End PBXGroup section */

/* Begin PBXNativeTarget section */
		097410DA227B2D5600F37677 /* Project Planner */ = {
			isa = PBXNativeTarget;
			buildConfigurationList = 097410F2227B2D5800F37677 /* Build configuration list for PBXNativeTarget "Project Planner" */;
			buildPhases = (
				097410D7227B2D5600F37677 /* Sources */,
				097410D8227B2D5600F37677 /* Frameworks */,
				097410D9227B2D5600F37677 /* Resources */,
			);
			buildRules = (
			);
			dependencies = (
			);
			name = "Project Planner";
			productName = "Project Planner";
			productReference = 097410DB227B2D5600F37677 /* Project Planner.app */;
			productType = "com.apple.product-type.application";
		};
/* End PBXNativeTarget section */

/* Begin PBXProject section */
		097410D3227B2D5600F37677 /* Project object */ = {
			isa = PBXProject;
			attributes = {
				LastSwiftUpdateCheck = 1010;
				LastUpgradeCheck = 1010;
				ORGANIZATIONNAME = shakil;
				TargetAttributes = {
					097410DA227B2D5600F37677 = {
						CreatedOnToolsVersion = 10.1;
					};
				};
			};
			buildConfigurationList = 097410D6227B2D5600F37677 /* Build configuration list for PBXProject "Project Planner" */;
			compatibilityVersion = "Xcode 9.3";
			developmentRegion = en;
			hasScannedForEncodings = 0;
			knownRegions = (
				en,
				Base,
			);
			mainGroup = 097410D2227B2D5600F37677;
			productRefGroup = 097410DC227B2D5600F37677 /* Products */;
			projectDirPath = "";
			projectRoot = "";
			targets = (
				097410DA227B2D5600F37677 /* Project Planner */,
			);
		};
/* End PBXProject section */

/* Begin PBXResourcesBuildPhase section */
		097410D9227B2D5600F37677 /* Resources */ = {
			isa = PBXResourcesBuildPhase;
			buildActionMask = 2147483647;
			files = (
				097410EE227B2D5800F37677 /* LaunchScreen.storyboard in Resources */,
				097410EB227B2D5800F37677 /* Assets.xcassets in Resources */,
				097410E9227B2D5600F37677 /* Main.storyboard in Resources */,
			);
			runOnlyForDeploymentPostprocessing = 0;
		};
/* End PBXResourcesBuildPhase section */

/* Begin PBXSourcesBuildPhase section */
		097410D7227B2D5600F37677 /* Sources */ = {
			isa = PBXSourcesBuildPhase;
			buildActionMask = 2147483647;
			files = (
				097410FC227EC84C00F37677 /* TaskTableViewCell.swift in Sources */,
				0962D61C228C369D0020A703 /* ProgressBarView.swift in Sources */,
				097410E2227B2D5600F37677 /* Project_Planner.xcdatamodeld in Sources */,
				097410FA227EB4BB00F37677 /* ProjectTableViewCell.swift in Sources */,
				097410F6227DCE0200F37677 /* ProjectAddEditViewController.swift in Sources */,
				098BFBD7228EE438008636C9 /* Extension.swift in Sources */,
				097410DF227B2D5600F37677 /* AppDelegate.swift in Sources */,
				097410E4227B2D5600F37677 /* MasterViewController.swift in Sources */,
				097410E6227B2D5600F37677 /* DetailViewController.swift in Sources */,
				097410F8227DD56100F37677 /* TaskAddEditViewController.swift in Sources */,
			);
			runOnlyForDeploymentPostprocessing = 0;
		};
/* End PBXSourcesBuildPhase section */

/* Begin PBXVariantGroup section */
		097410E7227B2D5600F37677 /* Main.storyboard */ = {
			isa = PBXVariantGroup;
			children = (
				097410E8227B2D5600F37677 /* Base */,
			);
			name = Main.storyboard;
			sourceTree = "<group>";
		};
		097410EC227B2D5800F37677 /* LaunchScreen.storyboard */ = {
			isa = PBXVariantGroup;
			children = (
				097410ED227B2D5800F37677 /* Base */,
			);
			name = LaunchScreen.storyboard;
			sourceTree = "<group>";
		};
/* End PBXVariantGroup section */

/* Begin XCBuildConfiguration section */
		097410F0227B2D5800F37677 /* Debug */ = {
			isa = XCBuildConfiguration;
			buildSettings = {
				ALWAYS_SEARCH_USER_PATHS = NO;
				CLANG_ANALYZER_NONNULL = YES;
				CLANG_ANALYZER_NUMBER_OBJECT_CONVERSION = YES_AGGRESSIVE;
				CLANG_CXX_LANGUAGE_STANDARD = "gnu++14";
				CLANG_CXX_LIBRARY = "libc++";
				CLANG_ENABLE_MODULES = YES;
				CLANG_ENABLE_OBJC_ARC = YES;
				CLANG_ENABLE_OBJC_WEAK = YES;
				CLANG_WARN_BLOCK_CAPTURE_AUTORELEASING = YES;
				CLANG_WARN_BOOL_CONVERSION = YES;
				CLANG_WARN_COMMA = YES;
				CLANG_WARN_CONSTANT_CONVERSION = YES;
				CLANG_WARN_DEPRECATED_OBJC_IMPLEMENTATIONS = YES;
				CLANG_WARN_DIRECT_OBJC_ISA_USAGE = YES_ERROR;
				CLANG_WARN_DOCUMENTATION_COMMENTS = YES;
				CLANG_WARN_EMPTY_BODY = YES;
				CLANG_WARN_ENUM_CONVERSION = YES;
				CLANG_WARN_INFINITE_RECURSION = YES;
				CLANG_WARN_INT_CONVERSION = YES;
				CLANG_WARN_NON_LITERAL_NULL_CONVERSION = YES;
				CLANG_WARN_OBJC_IMPLICIT_RETAIN_SELF = YES;
				CLANG_WARN_OBJC_LITERAL_CONVERSION = YES;
				CLANG_WARN_OBJC_ROOT_CLASS = YES_ERROR;
				CLANG_WARN_RANGE_LOOP_ANALYSIS = YES;
				CLANG_WARN_STRICT_PROTOTYPES = YES;
				CLANG_WARN_SUSPICIOUS_MOVE = YES;
				CLANG_WARN_UNGUARDED_AVAILABILITY = YES_AGGRESSIVE;
				CLANG_WARN_UNREACHABLE_CODE = YES;
				CLANG_WARN__DUPLICATE_METHOD_MATCH = YES;
				CODE_SIGN_IDENTITY = "iPhone Developer";
				COPY_PHASE_STRIP = NO;
				DEBUG_INFORMATION_FORMAT = dwarf;
				ENABLE_STRICT_OBJC_MSGSEND = YES;
				ENABLE_TESTABILITY = YES;
				GCC_C_LANGUAGE_STANDARD = gnu11;
				GCC_DYNAMIC_NO_PIC = NO;
				GCC_NO_COMMON_BLOCKS = YES;
				GCC_OPTIMIZATION_LEVEL = 0;
				GCC_PREPROCESSOR_DEFINITIONS = (
					"DEBUG=1",
					"$(inherited)",
				);
				GCC_WARN_64_TO_32_BIT_CONVERSION = YES;
				GCC_WARN_ABOUT_RETURN_TYPE = YES_ERROR;
				GCC_WARN_UNDECLARED_SELECTOR = YES;
				GCC_WARN_UNINITIALIZED_AUTOS = YES_AGGRESSIVE;
				GCC_WARN_UNUSED_FUNCTION = YES;
				GCC_WARN_UNUSED_VARIABLE = YES;
				IPHONEOS_DEPLOYMENT_TARGET = 12.1;
				MTL_ENABLE_DEBUG_INFO = INCLUDE_SOURCE;
				MTL_FAST_MATH = YES;
				ONLY_ACTIVE_ARCH = YES;
				SDKROOT = iphoneos;
				SWIFT_ACTIVE_COMPILATION_CONDITIONS = DEBUG;
				SWIFT_OPTIMIZATION_LEVEL = "-Onone";
			};
			name = Debug;
		};
		097410F1227B2D5800F37677 /* Release */ = {
			isa = XCBuildConfiguration;
			buildSettings = {
				ALWAYS_SEARCH_USER_PATHS = NO;
				CLANG_ANALYZER_NONNULL = YES;
				CLANG_ANALYZER_NUMBER_OBJECT_CONVERSION = YES_AGGRESSIVE;
				CLANG_CXX_LANGUAGE_STANDARD = "gnu++14";
				CLANG_CXX_LIBRARY = "libc++";
				CLANG_ENABLE_MODULES = YES;
				CLANG_ENABLE_OBJC_ARC = YES;
				CLANG_ENABLE_OBJC_WEAK = YES;
				CLANG_WARN_BLOCK_CAPTURE_AUTORELEASING = YES;
				CLANG_WARN_BOOL_CONVERSION = YES;
				CLANG_WARN_COMMA = YES;
				CLANG_WARN_CONSTANT_CONVERSION = YES;
				CLANG_WARN_DEPRECATED_OBJC_IMPLEMENTATIONS = YES;
				CLANG_WARN_DIRECT_OBJC_ISA_USAGE = YES_ERROR;
				CLANG_WARN_DOCUMENTATION_COMMENTS = YES;
				CLANG_WARN_EMPTY_BODY = YES;
				CLANG_WARN_ENUM_CONVERSION = YES;
				CLANG_WARN_INFINITE_RECURSION = YES;
				CLANG_WARN_INT_CONVERSION = YES;
				CLANG_WARN_NON_LITERAL_NULL_CONVERSION = YES;
				CLANG_WARN_OBJC_IMPLICIT_RETAIN_SELF = YES;
				CLANG_WARN_OBJC_LITERAL_CONVERSION = YES;
				CLANG_WARN_OBJC_ROOT_CLASS = YES_ERROR;
				CLANG_WARN_RANGE_LOOP_ANALYSIS = YES;
				CLANG_WARN_STRICT_PROTOTYPES = YES;
				CLANG_WARN_SUSPICIOUS_MOVE = YES;
				CLANG_WARN_UNGUARDED_AVAILABILITY = YES_AGGRESSIVE;
				CLANG_WARN_UNREACHABLE_CODE = YES;
				CLANG_WARN__DUPLICATE_METHOD_MATCH = YES;
				CODE_SIGN_IDENTITY = "iPhone Developer";
				COPY_PHASE_STRIP = NO;
				DEBUG_INFORMATION_FORMAT = "dwarf-with-dsym";
				ENABLE_NS_ASSERTIONS = NO;
				ENABLE_STRICT_OBJC_MSGSEND = YES;
				GCC_C_LANGUAGE_STANDARD = gnu11;
				GCC_NO_COMMON_BLOCKS = YES;
				GCC_WARN_64_TO_32_BIT_CONVERSION = YES;
				GCC_WARN_ABOUT_RETURN_TYPE = YES_ERROR;
				GCC_WARN_UNDECLARED_SELECTOR = YES;
				GCC_WARN_UNINITIALIZED_AUTOS = YES_AGGRESSIVE;
				GCC_WARN_UNUSED_FUNCTION = YES;
				GCC_WARN_UNUSED_VARIABLE = YES;
				IPHONEOS_DEPLOYMENT_TARGET = 12.1;
				MTL_ENABLE_DEBUG_INFO = NO;
				MTL_FAST_MATH = YES;
				SDKROOT = iphoneos;
				SWIFT_COMPILATION_MODE = wholemodule;
				SWIFT_OPTIMIZATION_LEVEL = "-O";
				VALIDATE_PRODUCT = YES;
			};
			name = Release;
		};
		097410F3227B2D5800F37677 /* Debug */ = {
			isa = XCBuildConfiguration;
			buildSettings = {
				ASSETCATALOG_COMPILER_APPICON_NAME = AppIcon;
				CODE_SIGN_STYLE = Automatic;
				DEVELOPMENT_TEAM = Y78N79J6Y9;
				INFOPLIST_FILE = "Project Planner/Info.plist";
				LD_RUNPATH_SEARCH_PATHS = (
					"$(inherited)",
					"@executable_path/Frameworks",
				);
				PRODUCT_BUNDLE_IDENTIFIER = "ios.shakil.Project-Planner";
				PRODUCT_NAME = "$(TARGET_NAME)";
				SWIFT_VERSION = 4.2;
				TARGETED_DEVICE_FAMILY = "1,2";
			};
			name = Debug;
		};
		097410F4227B2D5800F37677 /* Release */ = {
			isa = XCBuildConfiguration;
			buildSettings = {
				ASSETCATALOG_COMPILER_APPICON_NAME = AppIcon;
				CODE_SIGN_STYLE = Automatic;
				DEVELOPMENT_TEAM = Y78N79J6Y9;
				INFOPLIST_FILE = "Project Planner/Info.plist";
				LD_RUNPATH_SEARCH_PATHS = (
					"$(inherited)",
					"@executable_path/Frameworks",
				);
				PRODUCT_BUNDLE_IDENTIFIER = "ios.shakil.Project-Planner";
				PRODUCT_NAME = "$(TARGET_NAME)";
				SWIFT_VERSION = 4.2;
				TARGETED_DEVICE_FAMILY = "1,2";
			};
			name = Release;
		};
/* End XCBuildConfiguration section */

/* Begin XCConfigurationList section */
		097410D6227B2D5600F37677 /* Build configuration list for PBXProject "Project Planner" */ = {
			isa = XCConfigurationList;
			buildConfigurations = (
				097410F0227B2D5800F37677 /* Debug */,
				097410F1227B2D5800F37677 /* Release */,
			);
			defaultConfigurationIsVisible = 0;
			defaultConfigurationName = Release;
		};
		097410F2227B2D5800F37677 /* Build configuration list for PBXNativeTarget "Project Planner" */ = {
			isa = XCConfigurationList;
			buildConfigurations = (
				097410F3227B2D5800F37677 /* Debug */,
				097410F4227B2D5800F37677 /* Release */,
			);
			defaultConfigurationIsVisible = 0;
			defaultConfigurationName = Release;
		};
/* End XCConfigurationList section */

/* Begin XCVersionGroup section */
		097410E0227B2D5600F37677 /* Project_Planner.xcdatamodeld */ = {
			isa = XCVersionGroup;
			children = (
				097410E1227B2D5600F37677 /* Project_Planner.xcdatamodel */,
			);
			currentVersion = 097410E1227B2D5600F37677 /* Project_Planner.xcdatamodel */;
			path = Project_Planner.xcdatamodeld;
			sourceTree = "<group>";
			versionGroupType = wrapper.xcdatamodel;
		};
/* End XCVersionGroup section */
	};
	rootObject = 097410D3227B2D5600F37677 /* Project object */;
}
